
Microsoft Visual Studio Solution File, Format Version 12.00
# Visual Studio Version 16
VisualStudioVersion = 16.0.31729.503
MinimumVisualStudioVersion = 10.0.40219.1
Project("{FAE04EC0-301F-11D3-BF4B-00C04F79EFBC}") = "iTechArtPizzaDelivery.WebUI", "iTechArtPizzaDelivery.WebUI.csproj", "{4A26D77F-302A-42C0-96AD-0763E6BE7AF1}"
EndProject
Project("{FAE04EC0-301F-11D3-BF4B-00C04F79EFBC}") = "iTechArtPizzaDelivery.Infrastructure", "..\iTechArtPizzaDelivery.Infrastructure\iTechArtPizzaDelivery.Infrastructure.csproj", "{F1E9974E-A67C-4C0C-A816-22CB08AEC1CB}"
EndProject
Project("{FAE04EC0-301F-11D3-BF4B-00C04F79EFBC}") = "iTechArtPizzaDelivery.Domain", "..\iTechArtPizzaDelivery.Domain\iTechArtPizzaDelivery.Domain.csproj", "{416FFCBB-910C-4975-B828-0AB4D1684187}"
EndProject
Global
	GlobalSection(SolutionConfigurationPlatforms) = preSolution
		Debug|Any CPU = Debug|Any CPU
		Release|Any CPU = Release|Any CPU
	EndGlobalSection
	GlobalSection(ProjectConfigurationPlatforms) = postSolution
		{4A26D77F-302A-42C0-96AD-0763E6BE7AF1}.Debug|Any CPU.ActiveCfg = Debug|Any CPU
		{4A26D77F-302A-42C0-96AD-0763E6BE7AF1}.Debug|Any CPU.Build.0 = Debug|Any CPU
		{4A26D77F-302A-42C0-96AD-0763E6BE7AF1}.Release|Any CPU.ActiveCfg = Release|Any CPU
		{4A26D77F-302A-42C0-96AD-0763E6BE7AF1}.Release|Any CPU.Build.0 = Release|Any CPU
		{F1E9974E-A67C-4C0C-A816-22CB08AEC1CB}.Debug|Any CPU.ActiveCfg = Debug|Any CPU
		{F1E9974E-A67C-4C0C-A816-22CB08AEC1CB}.Debug|Any CPU.Build.0 = Debug|Any CPU
		{F1E9974E-A67C-4C0C-A816-22CB08AEC1CB}.Release|Any CPU.ActiveCfg = Release|Any CPU
		{F1E9974E-A67C-4C0C-A816-22CB08AEC1CB}.Release|Any CPU.Build.0 = Release|Any CPU
		{416FFCBB-910C-4975-B828-0AB4D1684187}.Debug|Any CPU.ActiveCfg = Debug|Any CPU
		{416FFCBB-910C-4975-B828-0AB4D1684187}.Debug|Any CPU.Build.0 = Debug|Any CPU
		{416FFCBB-910C-4975-B828-0AB4D1684187}.Release|Any CPU.ActiveCfg = Release|Any CPU
		{416FFCBB-910C-4975-B828-0AB4D1684187}.Release|Any CPU.Build.0 = Release|Any CPU
	EndGlobalSection
	GlobalSection(SolutionProperties) = preSolution
		HideSolutionNode = FALSE
	EndGlobalSection
	GlobalSection(ExtensibilityGlobals) = postSolution
		SolutionGuid = {E381C835-01F9-43ED-AF34-0644A868342F}
	EndGlobalSection
EndGlobal
